
Microsoft Visual Studio Solution File, Format Version 12.00
# Visual Studio Version 17
VisualStudioVersion = 17.13.35825.156 d17.13
MinimumVisualStudioVersion = 10.0.40219.1
Project("{F2A71F9B-5D33-465A-A702-920D77279786}") = "lab3.2", "lab3.2\lab3.2.fsproj", "{C64FAD1F-F514-4E80-83F7-44DFB4E62F0C}"
EndProject
Global
	GlobalSection(SolutionConfigurationPlatforms) = preSolution
		Debug|Any CPU = Debug|Any CPU
		Release|Any CPU = Release|Any CPU
	EndGlobalSection
	GlobalSection(ProjectConfigurationPlatforms) = postSolution
		{C64FAD1F-F514-4E80-83F7-44DFB4E62F0C}.Debug|Any CPU.ActiveCfg = Debug|Any CPU
		{C64FAD1F-F514-4E80-83F7-44DFB4E62F0C}.Debug|Any CPU.Build.0 = Debug|Any CPU
		{C64FAD1F-F514-4E80-83F7-44DFB4E62F0C}.Release|Any CPU.ActiveCfg = Release|Any CPU
		{C64FAD1F-F514-4E80-83F7-44DFB4E62F0C}.Release|Any CPU.Build.0 = Release|Any CPU
	EndGlobalSection
	GlobalSection(SolutionProperties) = preSolution
		HideSolutionNode = FALSE
	EndGlobalSection
	GlobalSection(ExtensibilityGlobals) = postSolution
		SolutionGuid = {59C26C8E-F0A7-4B66-9691-0CC7A61801AC}
	EndGlobalSection
EndGlobal
